
Microsoft Visual Studio Solution File, Format Version 12.00
# Visual Studio Version 16
VisualStudioVersion = 16.0.32510.428
MinimumVisualStudioVersion = 10.0.40219.1
Project("{FAE04EC0-301F-11D3-BF4B-00C04F79EFBC}") = "Hash", "Hash\Hash.csproj", "{474AB804-75FE-4DFD-AC26-60D173FD5ABA}"
EndProject
Global
	GlobalSection(SolutionConfigurationPlatforms) = preSolution
		Debug|Any CPU = Debug|Any CPU
		Release|Any CPU = Release|Any CPU
	EndGlobalSection
	GlobalSection(ProjectConfigurationPlatforms) = postSolution
		{474AB804-75FE-4DFD-AC26-60D173FD5ABA}.Debug|Any CPU.ActiveCfg = Debug|Any CPU
		{474AB804-75FE-4DFD-AC26-60D173FD5ABA}.Debug|Any CPU.Build.0 = Debug|Any CPU
		{474AB804-75FE-4DFD-AC26-60D173FD5ABA}.Release|Any CPU.ActiveCfg = Release|Any CPU
		{474AB804-75FE-4DFD-AC26-60D173FD5ABA}.Release|Any CPU.Build.0 = Release|Any CPU
	EndGlobalSection
	GlobalSection(SolutionProperties) = preSolution
		HideSolutionNode = FALSE
	EndGlobalSection
	GlobalSection(ExtensibilityGlobals) = postSolution
		SolutionGuid = {50B163F5-FBF0-4E6D-90D0-DCEA0F77F592}
	EndGlobalSection
EndGlobal
